
Microsoft Visual Studio Solution File, Format Version 12.00
# Visual Studio 15
VisualStudioVersion = 15.0.28307.438
MinimumVisualStudioVersion = 10.0.40219.1
Project("{FAE04EC0-301F-11D3-BF4B-00C04F79EFBC}") = "CSharpUtils", "CSharpUtils\CSharpUtils.csproj", "{2AC35B31-A2F6-4147-B99C-E0ED7A7B205B}"
EndProject
Project("{FAE04EC0-301F-11D3-BF4B-00C04F79EFBC}") = "CSharpUtilsTests", "CSharpUtilsTests\CSharpUtilsTests.csproj", "{8D730AC6-E745-4574-8EC4-11EF4BF940A2}"
EndProject
Global
	GlobalSection(SolutionConfigurationPlatforms) = preSolution
		Debug|Any CPU = Debug|Any CPU
		Release|Any CPU = Release|Any CPU
	EndGlobalSection
	GlobalSection(ProjectConfigurationPlatforms) = postSolution
		{2AC35B31-A2F6-4147-B99C-E0ED7A7B205B}.Debug|Any CPU.ActiveCfg = Debug|Any CPU
		{2AC35B31-A2F6-4147-B99C-E0ED7A7B205B}.Debug|Any CPU.Build.0 = Debug|Any CPU
		{2AC35B31-A2F6-4147-B99C-E0ED7A7B205B}.Release|Any CPU.ActiveCfg = Release|Any CPU
		{2AC35B31-A2F6-4147-B99C-E0ED7A7B205B}.Release|Any CPU.Build.0 = Release|Any CPU
		{8D730AC6-E745-4574-8EC4-11EF4BF940A2}.Debug|Any CPU.ActiveCfg = Debug|Any CPU
		{8D730AC6-E745-4574-8EC4-11EF4BF940A2}.Debug|Any CPU.Build.0 = Debug|Any CPU
		{8D730AC6-E745-4574-8EC4-11EF4BF940A2}.Release|Any CPU.ActiveCfg = Release|Any CPU
		{8D730AC6-E745-4574-8EC4-11EF4BF940A2}.Release|Any CPU.Build.0 = Release|Any CPU
	EndGlobalSection
	GlobalSection(SolutionProperties) = preSolution
		HideSolutionNode = FALSE
	EndGlobalSection
	GlobalSection(ExtensibilityGlobals) = postSolution
		SolutionGuid = {4F378C01-39DF-4CAB-AB8A-FDBDA52B5D8F}
	EndGlobalSection
EndGlobal
